
Microsoft Visual Studio Solution File, Format Version 12.00
# Visual Studio Version 16
VisualStudioVersion = 16.0.29503.13
MinimumVisualStudioVersion = 10.0.40219.1
Project("{FAE04EC0-301F-11D3-BF4B-00C04F79EFBC}") = "SchoolService", "SchoolService\SchoolService.csproj", "{971B5ACF-BCFF-4F83-B938-2419826DDDF9}"
EndProject
Project("{FAE04EC0-301F-11D3-BF4B-00C04F79EFBC}") = "SchoolWeb", "SchoolWeb\SchoolWeb.csproj", "{F3CD7F58-05B1-40B5-AE11-CEBDF8A8D288}"
EndProject
Global
	GlobalSection(SolutionConfigurationPlatforms) = preSolution
		Debug|Any CPU = Debug|Any CPU
		Release|Any CPU = Release|Any CPU
	EndGlobalSection
	GlobalSection(ProjectConfigurationPlatforms) = postSolution
		{971B5ACF-BCFF-4F83-B938-2419826DDDF9}.Debug|Any CPU.ActiveCfg = Debug|Any CPU
		{971B5ACF-BCFF-4F83-B938-2419826DDDF9}.Debug|Any CPU.Build.0 = Debug|Any CPU
		{971B5ACF-BCFF-4F83-B938-2419826DDDF9}.Release|Any CPU.ActiveCfg = Release|Any CPU
		{971B5ACF-BCFF-4F83-B938-2419826DDDF9}.Release|Any CPU.Build.0 = Release|Any CPU
		{F3CD7F58-05B1-40B5-AE11-CEBDF8A8D288}.Debug|Any CPU.ActiveCfg = Debug|Any CPU
		{F3CD7F58-05B1-40B5-AE11-CEBDF8A8D288}.Debug|Any CPU.Build.0 = Debug|Any CPU
		{F3CD7F58-05B1-40B5-AE11-CEBDF8A8D288}.Release|Any CPU.ActiveCfg = Release|Any CPU
		{F3CD7F58-05B1-40B5-AE11-CEBDF8A8D288}.Release|Any CPU.Build.0 = Release|Any CPU
	EndGlobalSection
	GlobalSection(SolutionProperties) = preSolution
		HideSolutionNode = FALSE
	EndGlobalSection
	GlobalSection(ExtensibilityGlobals) = postSolution
		SolutionGuid = {7EF89A32-D7E2-4E8E-9C95-98B0E47A8157}
	EndGlobalSection
EndGlobal
